
Microsoft Visual Studio Solution File, Format Version 12.00
# Visual Studio Version 17
VisualStudioVersion = 17.14.36408.4 d17.14
MinimumVisualStudioVersion = 10.0.40219.1
Project("{FAE04EC0-301F-11D3-BF4B-00C04F79EFBC}") = "ControleFinanceiro", "ControleFinanceiro\ControleFinanceiro.csproj", "{062F83F0-F3B7-4D8F-B534-DC1A3F37AE8B}"
EndProject
Project("{FAE04EC0-301F-11D3-BF4B-00C04F79EFBC}") = "InfraData", "InfraData\InfraData.csproj", "{4C531F2E-5372-41BB-A184-6EE7F2CC3C53}"
EndProject
Project("{FAE04EC0-301F-11D3-BF4B-00C04F79EFBC}") = "Data", "Data\Data.csproj", "{7A3C2363-DE4E-4704-AB7B-556C61106B56}"
EndProject
Project("{FAE04EC0-301F-11D3-BF4B-00C04F79EFBC}") = "Domain", "Domain\Domain.csproj", "{145586C0-8EC1-465F-8A1B-1DA1B893EC68}"
EndProject
Project("{FAE04EC0-301F-11D3-BF4B-00C04F79EFBC}") = "CF.Application", "CF.Application\CF.Application.csproj", "{91280CBE-9574-4961-9680-348105FE7FCD}"
EndProject
Global
	GlobalSection(SolutionConfigurationPlatforms) = preSolution
		Debug|Any CPU = Debug|Any CPU
		Release|Any CPU = Release|Any CPU
	EndGlobalSection
	GlobalSection(ProjectConfigurationPlatforms) = postSolution
		{062F83F0-F3B7-4D8F-B534-DC1A3F37AE8B}.Debug|Any CPU.ActiveCfg = Debug|Any CPU
		{062F83F0-F3B7-4D8F-B534-DC1A3F37AE8B}.Debug|Any CPU.Build.0 = Debug|Any CPU
		{062F83F0-F3B7-4D8F-B534-DC1A3F37AE8B}.Release|Any CPU.ActiveCfg = Release|Any CPU
		{062F83F0-F3B7-4D8F-B534-DC1A3F37AE8B}.Release|Any CPU.Build.0 = Release|Any CPU
		{4C531F2E-5372-41BB-A184-6EE7F2CC3C53}.Debug|Any CPU.ActiveCfg = Debug|Any CPU
		{4C531F2E-5372-41BB-A184-6EE7F2CC3C53}.Debug|Any CPU.Build.0 = Debug|Any CPU
		{4C531F2E-5372-41BB-A184-6EE7F2CC3C53}.Release|Any CPU.ActiveCfg = Release|Any CPU
		{4C531F2E-5372-41BB-A184-6EE7F2CC3C53}.Release|Any CPU.Build.0 = Release|Any CPU
		{7A3C2363-DE4E-4704-AB7B-556C61106B56}.Debug|Any CPU.ActiveCfg = Debug|Any CPU
		{7A3C2363-DE4E-4704-AB7B-556C61106B56}.Debug|Any CPU.Build.0 = Debug|Any CPU
		{7A3C2363-DE4E-4704-AB7B-556C61106B56}.Release|Any CPU.ActiveCfg = Release|Any CPU
		{7A3C2363-DE4E-4704-AB7B-556C61106B56}.Release|Any CPU.Build.0 = Release|Any CPU
		{145586C0-8EC1-465F-8A1B-1DA1B893EC68}.Debug|Any CPU.ActiveCfg = Debug|Any CPU
		{145586C0-8EC1-465F-8A1B-1DA1B893EC68}.Debug|Any CPU.Build.0 = Debug|Any CPU
		{145586C0-8EC1-465F-8A1B-1DA1B893EC68}.Release|Any CPU.ActiveCfg = Release|Any CPU
		{145586C0-8EC1-465F-8A1B-1DA1B893EC68}.Release|Any CPU.Build.0 = Release|Any CPU
		{91280CBE-9574-4961-9680-348105FE7FCD}.Debug|Any CPU.ActiveCfg = Debug|Any CPU
		{91280CBE-9574-4961-9680-348105FE7FCD}.Debug|Any CPU.Build.0 = Debug|Any CPU
		{91280CBE-9574-4961-9680-348105FE7FCD}.Release|Any CPU.ActiveCfg = Release|Any CPU
		{91280CBE-9574-4961-9680-348105FE7FCD}.Release|Any CPU.Build.0 = Release|Any CPU
	EndGlobalSection
	GlobalSection(SolutionProperties) = preSolution
		HideSolutionNode = FALSE
	EndGlobalSection
	GlobalSection(ExtensibilityGlobals) = postSolution
		SolutionGuid = {B2D2C349-0E32-47DE-A0CB-CC17384A50E3}
	EndGlobalSection
EndGlobal
